
Microsoft Visual Studio Solution File, Format Version 12.00
# Visual Studio Version 17
VisualStudioVersion = 17.0.31903.59
MinimumVisualStudioVersion = 10.0.40219.1
Project("{2150E333-8FDC-42A3-9474-1A3956D46DE8}") = "src", "src", "{827E0CD3-B72D-47B6-A68D-7590B98EB39B}"
EndProject
Project("{2150E333-8FDC-42A3-9474-1A3956D46DE8}") = "Services", "Services", "{984BB9B3-3FA3-BE33-9484-CAC21695A33C}"
EndProject
Project("{2150E333-8FDC-42A3-9474-1A3956D46DE8}") = "Identity", "Identity", "{1BFC9479-12BF-35C3-06B8-42D89D95092B}"
EndProject
Project("{FAE04EC0-301F-11D3-BF4B-00C04F79EFBC}") = "Identity.API", "src\Services\Identity\Identity.API\Identity.API.csproj", "{975DD48D-4A0E-44C5-A376-8C4F90E4FDA5}"
EndProject
Project("{2150E333-8FDC-42A3-9474-1A3956D46DE8}") = "Catalog", "Catalog", "{C91C1CF1-1625-0789-F869-53D87D6277BA}"
EndProject
Project("{FAE04EC0-301F-11D3-BF4B-00C04F79EFBC}") = "Catalog.API", "src\Services\Catalog\Catalog.API\Catalog.API.csproj", "{5100AC1E-DBFE-4EAB-8BF1-7EF1576D2ECB}"
EndProject
Project("{2150E333-8FDC-42A3-9474-1A3956D46DE8}") = "Basket", "Basket", "{6C0557C3-B1C9-A54D-46F8-F4FBBDE30E30}"
EndProject
Project("{FAE04EC0-301F-11D3-BF4B-00C04F79EFBC}") = "Basket.API", "src\Services\Basket\Basket.API\Basket.API.csproj", "{62D24816-1933-4924-ABCB-E0EA0C51FE33}"
EndProject
Project("{2150E333-8FDC-42A3-9474-1A3956D46DE8}") = "Ordering", "Ordering", "{D3BAB01C-7F3F-8576-96BE-8BE70C9B9915}"
EndProject
Project("{FAE04EC0-301F-11D3-BF4B-00C04F79EFBC}") = "Ordering.API", "src\Services\Ordering\Ordering.API\Ordering.API.csproj", "{2BABC3BD-1521-4498-9F3A-C7BF9BC9E14A}"
EndProject
Project("{2150E333-8FDC-42A3-9474-1A3956D46DE8}") = "Payment", "Payment", "{3FB03296-F262-2760-9861-73C41AF3766C}"
EndProject
Project("{FAE04EC0-301F-11D3-BF4B-00C04F79EFBC}") = "Payment.API", "src\Services\Payment\Payment.API\Payment.API.csproj", "{46D593DB-6434-49E3-8870-CE86A428C43E}"
EndProject
Project("{2150E333-8FDC-42A3-9474-1A3956D46DE8}") = "ApiGateways", "ApiGateways", "{ED3A6F05-8B42-2A19-DFFE-FDDDF787C538}"
EndProject
Project("{FAE04EC0-301F-11D3-BF4B-00C04F79EFBC}") = "ApiGateway", "src\ApiGateways\ApiGateway\ApiGateway.csproj", "{CC61FB9A-A5AA-407E-94AB-6CF11F25EF36}"
EndProject
Project("{2150E333-8FDC-42A3-9474-1A3956D46DE8}") = "BuildingBlocks", "BuildingBlocks", "{90298CBA-BD6F-3A0A-69D5-97CAD7B05E7E}"
EndProject
Project("{FAE04EC0-301F-11D3-BF4B-00C04F79EFBC}") = "EventBus", "src\BuildingBlocks\EventBus\EventBus.csproj", "{A2A6407A-893B-4B1C-BF62-3BFE93A98061}"
EndProject
Project("{2150E333-8FDC-42A3-9474-1A3956D46DE8}") = "Review", "Review", "{5AFB76E0-5870-0CFD-DAC0-FE3ADB92FF83}"
EndProject
Project("{FAE04EC0-301F-11D3-BF4B-00C04F79EFBC}") = "Review.API", "src\Services\Review\Review.API\Review.API.csproj", "{6C3895F7-A231-4396-8C3A-6520AD6A50E3}"
EndProject
Project("{2150E333-8FDC-42A3-9474-1A3956D46DE8}") = "Web", "Web", "{03997797-E7F5-0643-168D-B8EA7178C2FE}"
EndProject
Project("{FAE04EC0-301F-11D3-BF4B-00C04F79EFBC}") = "Food.Web", "src\Web\Food.Web\Food.Web.csproj", "{AA0F1AA3-4BAB-4BEE-8256-E846B754BCE3}"
EndProject
Global
	GlobalSection(SolutionConfigurationPlatforms) = preSolution
		Debug|Any CPU = Debug|Any CPU
		Debug|x64 = Debug|x64
		Debug|x86 = Debug|x86
		Release|Any CPU = Release|Any CPU
		Release|x64 = Release|x64
		Release|x86 = Release|x86
	EndGlobalSection
	GlobalSection(ProjectConfigurationPlatforms) = postSolution
		{975DD48D-4A0E-44C5-A376-8C4F90E4FDA5}.Debug|Any CPU.ActiveCfg = Debug|Any CPU
		{975DD48D-4A0E-44C5-A376-8C4F90E4FDA5}.Debug|Any CPU.Build.0 = Debug|Any CPU
		{975DD48D-4A0E-44C5-A376-8C4F90E4FDA5}.Debug|x64.ActiveCfg = Debug|Any CPU
		{975DD48D-4A0E-44C5-A376-8C4F90E4FDA5}.Debug|x64.Build.0 = Debug|Any CPU
		{975DD48D-4A0E-44C5-A376-8C4F90E4FDA5}.Debug|x86.ActiveCfg = Debug|Any CPU
		{975DD48D-4A0E-44C5-A376-8C4F90E4FDA5}.Debug|x86.Build.0 = Debug|Any CPU
		{975DD48D-4A0E-44C5-A376-8C4F90E4FDA5}.Release|Any CPU.ActiveCfg = Release|Any CPU
		{975DD48D-4A0E-44C5-A376-8C4F90E4FDA5}.Release|Any CPU.Build.0 = Release|Any CPU
		{975DD48D-4A0E-44C5-A376-8C4F90E4FDA5}.Release|x64.ActiveCfg = Release|Any CPU
		{975DD48D-4A0E-44C5-A376-8C4F90E4FDA5}.Release|x64.Build.0 = Release|Any CPU
		{975DD48D-4A0E-44C5-A376-8C4F90E4FDA5}.Release|x86.ActiveCfg = Release|Any CPU
		{975DD48D-4A0E-44C5-A376-8C4F90E4FDA5}.Release|x86.Build.0 = Release|Any CPU
		{5100AC1E-DBFE-4EAB-8BF1-7EF1576D2ECB}.Debug|Any CPU.ActiveCfg = Debug|Any CPU
		{5100AC1E-DBFE-4EAB-8BF1-7EF1576D2ECB}.Debug|Any CPU.Build.0 = Debug|Any CPU
		{5100AC1E-DBFE-4EAB-8BF1-7EF1576D2ECB}.Debug|x64.ActiveCfg = Debug|Any CPU
		{5100AC1E-DBFE-4EAB-8BF1-7EF1576D2ECB}.Debug|x64.Build.0 = Debug|Any CPU
		{5100AC1E-DBFE-4EAB-8BF1-7EF1576D2ECB}.Debug|x86.ActiveCfg = Debug|Any CPU
		{5100AC1E-DBFE-4EAB-8BF1-7EF1576D2ECB}.Debug|x86.Build.0 = Debug|Any CPU
		{5100AC1E-DBFE-4EAB-8BF1-7EF1576D2ECB}.Release|Any CPU.ActiveCfg = Release|Any CPU
		{5100AC1E-DBFE-4EAB-8BF1-7EF1576D2ECB}.Release|Any CPU.Build.0 = Release|Any CPU
		{5100AC1E-DBFE-4EAB-8BF1-7EF1576D2ECB}.Release|x64.ActiveCfg = Release|Any CPU
		{5100AC1E-DBFE-4EAB-8BF1-7EF1576D2ECB}.Release|x64.Build.0 = Release|Any CPU
		{5100AC1E-DBFE-4EAB-8BF1-7EF1576D2ECB}.Release|x86.ActiveCfg = Release|Any CPU
		{5100AC1E-DBFE-4EAB-8BF1-7EF1576D2ECB}.Release|x86.Build.0 = Release|Any CPU
		{62D24816-1933-4924-ABCB-E0EA0C51FE33}.Debug|Any CPU.ActiveCfg = Debug|Any CPU
		{62D24816-1933-4924-ABCB-E0EA0C51FE33}.Debug|Any CPU.Build.0 = Debug|Any CPU
		{62D24816-1933-4924-ABCB-E0EA0C51FE33}.Debug|x64.ActiveCfg = Debug|Any CPU
		{62D24816-1933-4924-ABCB-E0EA0C51FE33}.Debug|x64.Build.0 = Debug|Any CPU
		{62D24816-1933-4924-ABCB-E0EA0C51FE33}.Debug|x86.ActiveCfg = Debug|Any CPU
		{62D24816-1933-4924-ABCB-E0EA0C51FE33}.Debug|x86.Build.0 = Debug|Any CPU
		{62D24816-1933-4924-ABCB-E0EA0C51FE33}.Release|Any CPU.ActiveCfg = Release|Any CPU
		{62D24816-1933-4924-ABCB-E0EA0C51FE33}.Release|Any CPU.Build.0 = Release|Any CPU
		{62D24816-1933-4924-ABCB-E0EA0C51FE33}.Release|x64.ActiveCfg = Release|Any CPU
		{62D24816-1933-4924-ABCB-E0EA0C51FE33}.Release|x64.Build.0 = Release|Any CPU
		{62D24816-1933-4924-ABCB-E0EA0C51FE33}.Release|x86.ActiveCfg = Release|Any CPU
		{62D24816-1933-4924-ABCB-E0EA0C51FE33}.Release|x86.Build.0 = Release|Any CPU
		{2BABC3BD-1521-4498-9F3A-C7BF9BC9E14A}.Debug|Any CPU.ActiveCfg = Debug|Any CPU
		{2BABC3BD-1521-4498-9F3A-C7BF9BC9E14A}.Debug|Any CPU.Build.0 = Debug|Any CPU
		{2BABC3BD-1521-4498-9F3A-C7BF9BC9E14A}.Debug|x64.ActiveCfg = Debug|Any CPU
		{2BABC3BD-1521-4498-9F3A-C7BF9BC9E14A}.Debug|x64.Build.0 = Debug|Any CPU
		{2BABC3BD-1521-4498-9F3A-C7BF9BC9E14A}.Debug|x86.ActiveCfg = Debug|Any CPU
		{2BABC3BD-1521-4498-9F3A-C7BF9BC9E14A}.Debug|x86.Build.0 = Debug|Any CPU
		{2BABC3BD-1521-4498-9F3A-C7BF9BC9E14A}.Release|Any CPU.ActiveCfg = Release|Any CPU
		{2BABC3BD-1521-4498-9F3A-C7BF9BC9E14A}.Release|Any CPU.Build.0 = Release|Any CPU
		{2BABC3BD-1521-4498-9F3A-C7BF9BC9E14A}.Release|x64.ActiveCfg = Release|Any CPU
		{2BABC3BD-1521-4498-9F3A-C7BF9BC9E14A}.Release|x64.Build.0 = Release|Any CPU
		{2BABC3BD-1521-4498-9F3A-C7BF9BC9E14A}.Release|x86.ActiveCfg = Release|Any CPU
		{2BABC3BD-1521-4498-9F3A-C7BF9BC9E14A}.Release|x86.Build.0 = Release|Any CPU
		{46D593DB-6434-49E3-8870-CE86A428C43E}.Debug|Any CPU.ActiveCfg = Debug|Any CPU
		{46D593DB-6434-49E3-8870-CE86A428C43E}.Debug|Any CPU.Build.0 = Debug|Any CPU
		{46D593DB-6434-49E3-8870-CE86A428C43E}.Debug|x64.ActiveCfg = Debug|Any CPU
		{46D593DB-6434-49E3-8870-CE86A428C43E}.Debug|x64.Build.0 = Debug|Any CPU
		{46D593DB-6434-49E3-8870-CE86A428C43E}.Debug|x86.ActiveCfg = Debug|Any CPU
		{46D593DB-6434-49E3-8870-CE86A428C43E}.Debug|x86.Build.0 = Debug|Any CPU
		{46D593DB-6434-49E3-8870-CE86A428C43E}.Release|Any CPU.ActiveCfg = Release|Any CPU
		{46D593DB-6434-49E3-8870-CE86A428C43E}.Release|Any CPU.Build.0 = Release|Any CPU
		{46D593DB-6434-49E3-8870-CE86A428C43E}.Release|x64.ActiveCfg = Release|Any CPU
		{46D593DB-6434-49E3-8870-CE86A428C43E}.Release|x64.Build.0 = Release|Any CPU
		{46D593DB-6434-49E3-8870-CE86A428C43E}.Release|x86.ActiveCfg = Release|Any CPU
		{46D593DB-6434-49E3-8870-CE86A428C43E}.Release|x86.Build.0 = Release|Any CPU
		{CC61FB9A-A5AA-407E-94AB-6CF11F25EF36}.Debug|Any CPU.ActiveCfg = Debug|Any CPU
		{CC61FB9A-A5AA-407E-94AB-6CF11F25EF36}.Debug|Any CPU.Build.0 = Debug|Any CPU
		{CC61FB9A-A5AA-407E-94AB-6CF11F25EF36}.Debug|x64.ActiveCfg = Debug|Any CPU
		{CC61FB9A-A5AA-407E-94AB-6CF11F25EF36}.Debug|x64.Build.0 = Debug|Any CPU
		{CC61FB9A-A5AA-407E-94AB-6CF11F25EF36}.Debug|x86.ActiveCfg = Debug|Any CPU
		{CC61FB9A-A5AA-407E-94AB-6CF11F25EF36}.Debug|x86.Build.0 = Debug|Any CPU
		{CC61FB9A-A5AA-407E-94AB-6CF11F25EF36}.Release|Any CPU.ActiveCfg = Release|Any CPU
		{CC61FB9A-A5AA-407E-94AB-6CF11F25EF36}.Release|Any CPU.Build.0 = Release|Any CPU
		{CC61FB9A-A5AA-407E-94AB-6CF11F25EF36}.Release|x64.ActiveCfg = Release|Any CPU
		{CC61FB9A-A5AA-407E-94AB-6CF11F25EF36}.Release|x64.Build.0 = Release|Any CPU
		{CC61FB9A-A5AA-407E-94AB-6CF11F25EF36}.Release|x86.ActiveCfg = Release|Any CPU
		{CC61FB9A-A5AA-407E-94AB-6CF11F25EF36}.Release|x86.Build.0 = Release|Any CPU
		{A2A6407A-893B-4B1C-BF62-3BFE93A98061}.Debug|Any CPU.ActiveCfg = Debug|Any CPU
		{A2A6407A-893B-4B1C-BF62-3BFE93A98061}.Debug|Any CPU.Build.0 = Debug|Any CPU
		{A2A6407A-893B-4B1C-BF62-3BFE93A98061}.Debug|x64.ActiveCfg = Debug|Any CPU
		{A2A6407A-893B-4B1C-BF62-3BFE93A98061}.Debug|x64.Build.0 = Debug|Any CPU
		{A2A6407A-893B-4B1C-BF62-3BFE93A98061}.Debug|x86.ActiveCfg = Debug|Any CPU
		{A2A6407A-893B-4B1C-BF62-3BFE93A98061}.Debug|x86.Build.0 = Debug|Any CPU
		{A2A6407A-893B-4B1C-BF62-3BFE93A98061}.Release|Any CPU.ActiveCfg = Release|Any CPU
		{A2A6407A-893B-4B1C-BF62-3BFE93A98061}.Release|Any CPU.Build.0 = Release|Any CPU
		{A2A6407A-893B-4B1C-BF62-3BFE93A98061}.Release|x64.ActiveCfg = Release|Any CPU
		{A2A6407A-893B-4B1C-BF62-3BFE93A98061}.Release|x64.Build.0 = Release|Any CPU
		{A2A6407A-893B-4B1C-BF62-3BFE93A98061}.Release|x86.ActiveCfg = Release|Any CPU
		{A2A6407A-893B-4B1C-BF62-3BFE93A98061}.Release|x86.Build.0 = Release|Any CPU
		{6C3895F7-A231-4396-8C3A-6520AD6A50E3}.Debug|Any CPU.ActiveCfg = Debug|Any CPU
		{6C3895F7-A231-4396-8C3A-6520AD6A50E3}.Debug|Any CPU.Build.0 = Debug|Any CPU
		{6C3895F7-A231-4396-8C3A-6520AD6A50E3}.Debug|x64.ActiveCfg = Debug|Any CPU
		{6C3895F7-A231-4396-8C3A-6520AD6A50E3}.Debug|x64.Build.0 = Debug|Any CPU
		{6C3895F7-A231-4396-8C3A-6520AD6A50E3}.Debug|x86.ActiveCfg = Debug|Any CPU
		{6C3895F7-A231-4396-8C3A-6520AD6A50E3}.Debug|x86.Build.0 = Debug|Any CPU
		{6C3895F7-A231-4396-8C3A-6520AD6A50E3}.Release|Any CPU.ActiveCfg = Release|Any CPU
		{6C3895F7-A231-4396-8C3A-6520AD6A50E3}.Release|Any CPU.Build.0 = Release|Any CPU
		{6C3895F7-A231-4396-8C3A-6520AD6A50E3}.Release|x64.ActiveCfg = Release|Any CPU
		{6C3895F7-A231-4396-8C3A-6520AD6A50E3}.Release|x64.Build.0 = Release|Any CPU
		{6C3895F7-A231-4396-8C3A-6520AD6A50E3}.Release|x86.ActiveCfg = Release|Any CPU
		{6C3895F7-A231-4396-8C3A-6520AD6A50E3}.Release|x86.Build.0 = Release|Any CPU
		{AA0F1AA3-4BAB-4BEE-8256-E846B754BCE3}.Debug|Any CPU.ActiveCfg = Debug|Any CPU
		{AA0F1AA3-4BAB-4BEE-8256-E846B754BCE3}.Debug|Any CPU.Build.0 = Debug|Any CPU
		{AA0F1AA3-4BAB-4BEE-8256-E846B754BCE3}.Debug|x64.ActiveCfg = Debug|Any CPU
		{AA0F1AA3-4BAB-4BEE-8256-E846B754BCE3}.Debug|x64.Build.0 = Debug|Any CPU
		{AA0F1AA3-4BAB-4BEE-8256-E846B754BCE3}.Debug|x86.ActiveCfg = Debug|Any CPU
		{AA0F1AA3-4BAB-4BEE-8256-E846B754BCE3}.Debug|x86.Build.0 = Debug|Any CPU
		{AA0F1AA3-4BAB-4BEE-8256-E846B754BCE3}.Release|Any CPU.ActiveCfg = Release|Any CPU
		{AA0F1AA3-4BAB-4BEE-8256-E846B754BCE3}.Release|Any CPU.Build.0 = Release|Any CPU
		{AA0F1AA3-4BAB-4BEE-8256-E846B754BCE3}.Release|x64.ActiveCfg = Release|Any CPU
		{AA0F1AA3-4BAB-4BEE-8256-E846B754BCE3}.Release|x64.Build.0 = Release|Any CPU
		{AA0F1AA3-4BAB-4BEE-8256-E846B754BCE3}.Release|x86.ActiveCfg = Release|Any CPU
		{AA0F1AA3-4BAB-4BEE-8256-E846B754BCE3}.Release|x86.Build.0 = Release|Any CPU
	EndGlobalSection
	GlobalSection(SolutionProperties) = preSolution
		HideSolutionNode = FALSE
	EndGlobalSection
	GlobalSection(NestedProjects) = preSolution
		{984BB9B3-3FA3-BE33-9484-CAC21695A33C} = {827E0CD3-B72D-47B6-A68D-7590B98EB39B}
		{1BFC9479-12BF-35C3-06B8-42D89D95092B} = {984BB9B3-3FA3-BE33-9484-CAC21695A33C}
		{975DD48D-4A0E-44C5-A376-8C4F90E4FDA5} = {1BFC9479-12BF-35C3-06B8-42D89D95092B}
		{C91C1CF1-1625-0789-F869-53D87D6277BA} = {984BB9B3-3FA3-BE33-9484-CAC21695A33C}
		{5100AC1E-DBFE-4EAB-8BF1-7EF1576D2ECB} = {C91C1CF1-1625-0789-F869-53D87D6277BA}
		{6C0557C3-B1C9-A54D-46F8-F4FBBDE30E30} = {984BB9B3-3FA3-BE33-9484-CAC21695A33C}
		{62D24816-1933-4924-ABCB-E0EA0C51FE33} = {6C0557C3-B1C9-A54D-46F8-F4FBBDE30E30}
		{D3BAB01C-7F3F-8576-96BE-8BE70C9B9915} = {984BB9B3-3FA3-BE33-9484-CAC21695A33C}
		{2BABC3BD-1521-4498-9F3A-C7BF9BC9E14A} = {D3BAB01C-7F3F-8576-96BE-8BE70C9B9915}
		{3FB03296-F262-2760-9861-73C41AF3766C} = {984BB9B3-3FA3-BE33-9484-CAC21695A33C}
		{46D593DB-6434-49E3-8870-CE86A428C43E} = {3FB03296-F262-2760-9861-73C41AF3766C}
		{ED3A6F05-8B42-2A19-DFFE-FDDDF787C538} = {827E0CD3-B72D-47B6-A68D-7590B98EB39B}
		{CC61FB9A-A5AA-407E-94AB-6CF11F25EF36} = {ED3A6F05-8B42-2A19-DFFE-FDDDF787C538}
		{90298CBA-BD6F-3A0A-69D5-97CAD7B05E7E} = {827E0CD3-B72D-47B6-A68D-7590B98EB39B}
		{A2A6407A-893B-4B1C-BF62-3BFE93A98061} = {90298CBA-BD6F-3A0A-69D5-97CAD7B05E7E}
		{5AFB76E0-5870-0CFD-DAC0-FE3ADB92FF83} = {984BB9B3-3FA3-BE33-9484-CAC21695A33C}
		{6C3895F7-A231-4396-8C3A-6520AD6A50E3} = {5AFB76E0-5870-0CFD-DAC0-FE3ADB92FF83}
		{03997797-E7F5-0643-168D-B8EA7178C2FE} = {827E0CD3-B72D-47B6-A68D-7590B98EB39B}
		{AA0F1AA3-4BAB-4BEE-8256-E846B754BCE3} = {03997797-E7F5-0643-168D-B8EA7178C2FE}
	EndGlobalSection
EndGlobal
